PODS:
  - Alamofire (4.9.1)
  - AppCenter/Core (3.1.0)
  - AppCenter/Distribute (3.1.0):
    - AppCenter/Core
  - RxAlamofire (5.1.0):
    - RxAlamofire/Core (= 5.1.0)
  - RxAlamofire/Core (5.1.0):
    - Alamofire (~> 4.8)
    - RxSwift (~> 5.0)
  - RxSwift (5.1.1)

DEPENDENCIES:
  - AppCenter/Distribute
  - RxAlamofire

SPEC REPOS:
  trunk:
    - Alamofire
    - AppCenter
    - RxAlamofire
    - RxSwift

SPEC CHECKSUMS:
  Alamofire: 85e8a02c69d6020a0d734f6054870d7ecb75cf18
  AppCenter: a1c30c47b7882a04a615ffa5ab26c007326436d8
  RxAlamofire: a2d7621de4c23a0c6e7b476b504acc32838ee341
  RxSwift: 81470a2074fa8780320ea5fe4102807cb7118178

PODFILE CHECKSUM: 058f75a7adfc66812c8d64acf0b72516018fbf6e

COCOAPODS: 1.9.1
